Microsoft Visual Studio Solution File, Format Version 12.00
# Visual Studio Version 17
VisualStudioVersion = 17.5.2.0
MinimumVisualStudioVersion = 10.0.40219.1
Project("{FAE04EC0-301F-11D3-BF4B-00C04F79EFBC}") = "json-parser", "json-parser.csproj", "{6599CD05-B976-3991-0062-47EC6001730F}"
EndProject
Global
    GlobalSection(SolutionConfigurationPlatforms) = preSolution
        Debug|Any CPU = Debug|Any CPU
        Release|Any CPU = Release|Any CPU
    EndGlobalSection
    GlobalSection(ProjectConfigurationPlatforms) = postSolution
        {6599CD05-B976-3991-0062-47EC6001730F}.Debug|Any CPU.ActiveCfg = Debug|Any CPU
        {6599CD05-B976-3991-0062-47EC6001730F}.Debug|Any CPU.Build.0 = Debug|Any CPU
        {6599CD05-B976-3991-0062-47EC6001730F}.Release|Any CPU.ActiveCfg = Release|Any CPU
        {6599CD05-B976-3991-0062-47EC6001730F}.Release|Any CPU.Build.0 = Release|Any CPU
    EndGlobalSection
    GlobalSection(SolutionProperties) = preSolution
        HideSolutionNode = FALSE
    EndGlobalSection
    GlobalSection(ExtensibilityGlobals) = postSolution
        SolutionGuid = {9C1981EB-FF05-4D7F-8CB8-F9201FC7B386}
    EndGlobalSection
EndGlobal
